
Microsoft Visual Studio Solution File, Format Version 12.00
# Visual Studio Version 17
VisualStudioVersion = 17.1.32414.318
MinimumVisualStudioVersion = 10.0.40219.1
Project("{FAE04EC0-301F-11D3-BF4B-00C04F79EFBC}") = "test", "test\test.csproj", "{9F4A218C-B39B-4D15-90A6-5161C1AAD3EC}"
EndProject
Global
	GlobalSection(SolutionConfigurationPlatforms) = preSolution
		Debug|Any CPU = Debug|Any CPU
		Release|Any CPU = Release|Any CPU
	EndGlobalSection
	GlobalSection(ProjectConfigurationPlatforms) = postSolution
		{9F4A218C-B39B-4D15-90A6-5161C1AAD3EC}.Debug|Any CPU.ActiveCfg = Debug|Any CPU
		{9F4A218C-B39B-4D15-90A6-5161C1AAD3EC}.Debug|Any CPU.Build.0 = Debug|Any CPU
		{9F4A218C-B39B-4D15-90A6-5161C1AAD3EC}.Release|Any CPU.ActiveCfg = Release|Any CPU
		{9F4A218C-B39B-4D15-90A6-5161C1AAD3EC}.Release|Any CPU.Build.0 = Release|Any CPU
	EndGlobalSection
	GlobalSection(SolutionProperties) = preSolution
		HideSolutionNode = FALSE
	EndGlobalSection
	GlobalSection(ExtensibilityGlobals) = postSolution
		SolutionGuid = {131070E7-657B-4604-95D6-5B5A0EB27131}
	EndGlobalSection
EndGlobal
